
Microsoft Visual Studio Solution File, Format Version 12.00
# Visual Studio Version 17
VisualStudioVersion = 17.1.32228.430
MinimumVisualStudioVersion = 10.0.40219.1
Project("{F184B08F-C81C-45F6-A57F-5ABD9991F28F}") = "SquealerConsole", "SquealerConsole\SquealerConsole.vbproj", "{33A28E89-22AE-453B-AF28-323CBABB2B25}"
EndProject
Project("{54435603-DBB4-11D2-8724-00A0C9A8B90C}") = "SetupProject", "SetupProject\SetupProject.vdproj", "{7082CEBA-51EA-4D9B-9B2F-F9B6C4F90459}"
EndProject
Project("{9A19103F-16F7-4668-BE54-9A1E7A4F7556}") = "SquealerConsoleCSharp", "SquealerConsoleCSharp\SquealerConsoleCSharp.csproj", "{26B49495-1A6C-4854-9544-886520B59F62}"
EndProject
Project("{2150E333-8FDC-42A3-9474-1A3956D46DE8}") = "Solution Items", "Solution Items", "{F3C86A96-AB6E-4927-B154-DC31C71FAEA4}"
	ProjectSection(SolutionItems) = preProject
		.editorconfig = .editorconfig
	EndProjectSection
EndProject
Project("{FAE04EC0-301F-11D3-BF4B-00C04F79EFBC}") = "SqlrFixTest", "SqlrFixTest\SqlrFixTest.csproj", "{424B1138-02C6-4330-ADD7-43A520DAFAE8}"
EndProject
Global
	GlobalSection(SolutionConfigurationPlatforms) = preSolution
		Debug|Any CPU = Debug|Any CPU
		Debug|ARM = Debug|ARM
		Debug|ARM64 = Debug|ARM64
		Debug|x64 = Debug|x64
		Debug|x86 = Debug|x86
		Release|Any CPU = Release|Any CPU
		Release|ARM = Release|ARM
		Release|ARM64 = Release|ARM64
		Release|x64 = Release|x64
		Release|x86 = Release|x86
	EndGlobalSection
	GlobalSection(ProjectConfigurationPlatforms) = postSolution
		{33A28E89-22AE-453B-AF28-323CBABB2B25}.Debug|Any CPU.ActiveCfg = Debug|Any CPU
		{33A28E89-22AE-453B-AF28-323CBABB2B25}.Debug|Any CPU.Build.0 = Debug|Any CPU
		{33A28E89-22AE-453B-AF28-323CBABB2B25}.Debug|ARM.ActiveCfg = Debug|Any CPU
		{33A28E89-22AE-453B-AF28-323CBABB2B25}.Debug|ARM.Build.0 = Debug|Any CPU
		{33A28E89-22AE-453B-AF28-323CBABB2B25}.Debug|ARM64.ActiveCfg = Debug|Any CPU
		{33A28E89-22AE-453B-AF28-323CBABB2B25}.Debug|ARM64.Build.0 = Debug|Any CPU
		{33A28E89-22AE-453B-AF28-323CBABB2B25}.Debug|x64.ActiveCfg = Debug|Any CPU
		{33A28E89-22AE-453B-AF28-323CBABB2B25}.Debug|x64.Build.0 = Debug|Any CPU
		{33A28E89-22AE-453B-AF28-323CBABB2B25}.Debug|x86.ActiveCfg = Debug|Any CPU
		{33A28E89-22AE-453B-AF28-323CBABB2B25}.Debug|x86.Build.0 = Debug|Any CPU
		{33A28E89-22AE-453B-AF28-323CBABB2B25}.Release|Any CPU.ActiveCfg = Release|Any CPU
		{33A28E89-22AE-453B-AF28-323CBABB2B25}.Release|Any CPU.Build.0 = Release|Any CPU
		{33A28E89-22AE-453B-AF28-323CBABB2B25}.Release|ARM.ActiveCfg = Release|Any CPU
		{33A28E89-22AE-453B-AF28-323CBABB2B25}.Release|ARM.Build.0 = Release|Any CPU
		{33A28E89-22AE-453B-AF28-323CBABB2B25}.Release|ARM64.ActiveCfg = Release|Any CPU
		{33A28E89-22AE-453B-AF28-323CBABB2B25}.Release|ARM64.Build.0 = Release|Any CPU
		{33A28E89-22AE-453B-AF28-323CBABB2B25}.Release|x64.ActiveCfg = Release|Any CPU
		{33A28E89-22AE-453B-AF28-323CBABB2B25}.Release|x64.Build.0 = Release|Any CPU
		{33A28E89-22AE-453B-AF28-323CBABB2B25}.Release|x86.ActiveCfg = Release|Any CPU
		{33A28E89-22AE-453B-AF28-323CBABB2B25}.Release|x86.Build.0 = Release|Any CPU
		{7082CEBA-51EA-4D9B-9B2F-F9B6C4F90459}.Debug|Any CPU.ActiveCfg = Debug
		{7082CEBA-51EA-4D9B-9B2F-F9B6C4F90459}.Debug|ARM.ActiveCfg = Debug
		{7082CEBA-51EA-4D9B-9B2F-F9B6C4F90459}.Debug|ARM64.ActiveCfg = Debug
		{7082CEBA-51EA-4D9B-9B2F-F9B6C4F90459}.Debug|x64.ActiveCfg = Debug
		{7082CEBA-51EA-4D9B-9B2F-F9B6C4F90459}.Debug|x86.ActiveCfg = Debug
		{7082CEBA-51EA-4D9B-9B2F-F9B6C4F90459}.Release|Any CPU.ActiveCfg = Release
		{7082CEBA-51EA-4D9B-9B2F-F9B6C4F90459}.Release|ARM.ActiveCfg = Release
		{7082CEBA-51EA-4D9B-9B2F-F9B6C4F90459}.Release|ARM64.ActiveCfg = Release
		{7082CEBA-51EA-4D9B-9B2F-F9B6C4F90459}.Release|x64.ActiveCfg = Release
		{7082CEBA-51EA-4D9B-9B2F-F9B6C4F90459}.Release|x86.ActiveCfg = Release
		{26B49495-1A6C-4854-9544-886520B59F62}.Debug|Any CPU.ActiveCfg = Debug|Any CPU
		{26B49495-1A6C-4854-9544-886520B59F62}.Debug|Any CPU.Build.0 = Debug|Any CPU
		{26B49495-1A6C-4854-9544-886520B59F62}.Debug|ARM.ActiveCfg = Debug|Any CPU
		{26B49495-1A6C-4854-9544-886520B59F62}.Debug|ARM.Build.0 = Debug|Any CPU
		{26B49495-1A6C-4854-9544-886520B59F62}.Debug|ARM64.ActiveCfg = Debug|Any CPU
		{26B49495-1A6C-4854-9544-886520B59F62}.Debug|ARM64.Build.0 = Debug|Any CPU
		{26B49495-1A6C-4854-9544-886520B59F62}.Debug|x64.ActiveCfg = Debug|Any CPU
		{26B49495-1A6C-4854-9544-886520B59F62}.Debug|x64.Build.0 = Debug|Any CPU
		{26B49495-1A6C-4854-9544-886520B59F62}.Debug|x86.ActiveCfg = Debug|Any CPU
		{26B49495-1A6C-4854-9544-886520B59F62}.Debug|x86.Build.0 = Debug|Any CPU
		{26B49495-1A6C-4854-9544-886520B59F62}.Release|Any CPU.ActiveCfg = Release|Any CPU
		{26B49495-1A6C-4854-9544-886520B59F62}.Release|Any CPU.Build.0 = Release|Any CPU
		{26B49495-1A6C-4854-9544-886520B59F62}.Release|ARM.ActiveCfg = Release|Any CPU
		{26B49495-1A6C-4854-9544-886520B59F62}.Release|ARM.Build.0 = Release|Any CPU
		{26B49495-1A6C-4854-9544-886520B59F62}.Release|ARM64.ActiveCfg = Release|Any CPU
		{26B49495-1A6C-4854-9544-886520B59F62}.Release|ARM64.Build.0 = Release|Any CPU
		{26B49495-1A6C-4854-9544-886520B59F62}.Release|x64.ActiveCfg = Release|Any CPU
		{26B49495-1A6C-4854-9544-886520B59F62}.Release|x64.Build.0 = Release|Any CPU
		{26B49495-1A6C-4854-9544-886520B59F62}.Release|x86.ActiveCfg = Release|Any CPU
		{26B49495-1A6C-4854-9544-886520B59F62}.Release|x86.Build.0 = Release|Any CPU
		{424B1138-02C6-4330-ADD7-43A520DAFAE8}.Debug|Any CPU.ActiveCfg = Debug|Any CPU
		{424B1138-02C6-4330-ADD7-43A520DAFAE8}.Debug|Any CPU.Build.0 = Debug|Any CPU
		{424B1138-02C6-4330-ADD7-43A520DAFAE8}.Debug|ARM.ActiveCfg = Debug|Any CPU
		{424B1138-02C6-4330-ADD7-43A520DAFAE8}.Debug|ARM.Build.0 = Debug|Any CPU
		{424B1138-02C6-4330-ADD7-43A520DAFAE8}.Debug|ARM64.ActiveCfg = Debug|Any CPU
		{424B1138-02C6-4330-ADD7-43A520DAFAE8}.Debug|ARM64.Build.0 = Debug|Any CPU
		{424B1138-02C6-4330-ADD7-43A520DAFAE8}.Debug|x64.ActiveCfg = Debug|Any CPU
		{424B1138-02C6-4330-ADD7-43A520DAFAE8}.Debug|x64.Build.0 = Debug|Any CPU
		{424B1138-02C6-4330-ADD7-43A520DAFAE8}.Debug|x86.ActiveCfg = Debug|Any CPU
		{424B1138-02C6-4330-ADD7-43A520DAFAE8}.Debug|x86.Build.0 = Debug|Any CPU
		{424B1138-02C6-4330-ADD7-43A520DAFAE8}.Release|Any CPU.ActiveCfg = Release|Any CPU
		{424B1138-02C6-4330-ADD7-43A520DAFAE8}.Release|Any CPU.Build.0 = Release|Any CPU
		{424B1138-02C6-4330-ADD7-43A520DAFAE8}.Release|ARM.ActiveCfg = Release|Any CPU
		{424B1138-02C6-4330-ADD7-43A520DAFAE8}.Release|ARM.Build.0 = Release|Any CPU
		{424B1138-02C6-4330-ADD7-43A520DAFAE8}.Release|ARM64.ActiveCfg = Release|Any CPU
		{424B1138-02C6-4330-ADD7-43A520DAFAE8}.Release|ARM64.Build.0 = Release|Any CPU
		{424B1138-02C6-4330-ADD7-43A520DAFAE8}.Release|x64.ActiveCfg = Release|Any CPU
		{424B1138-02C6-4330-ADD7-43A520DAFAE8}.Release|x64.Build.0 = Release|Any CPU
		{424B1138-02C6-4330-ADD7-43A520DAFAE8}.Release|x86.ActiveCfg = Release|Any CPU
		{424B1138-02C6-4330-ADD7-43A520DAFAE8}.Release|x86.Build.0 = Release|Any CPU
	EndGlobalSection
	GlobalSection(SolutionProperties) = preSolution
		HideSolutionNode = FALSE
	EndGlobalSection
	GlobalSection(ExtensibilityGlobals) = postSolution
		SolutionGuid = {38A4CA65-61A7-40F0-A9EE-366E0D540029}
	EndGlobalSection
EndGlobal
